
Microsoft Visual Studio Solution File, Format Version 12.00
# Visual Studio Version 17
VisualStudioVersion = 17.2.32616.157
MinimumVisualStudioVersion = 10.0.40219.1
Project("{FAE04EC0-301F-11D3-BF4B-00C04F79EFBC}") = "questao1", "questao1.csproj", "{87DFB7F7-BC52-4C1C-A206-F9DAF10967C1}"
EndProject
Global
	GlobalSection(SolutionConfigurationPlatforms) = preSolution
		Debug|Any CPU = Debug|Any CPU
		Release|Any CPU = Release|Any CPU
	EndGlobalSection
	GlobalSection(ProjectConfigurationPlatforms) = postSolution
		{87DFB7F7-BC52-4C1C-A206-F9DAF10967C1}.Debug|Any CPU.ActiveCfg = Debug|Any CPU
		{87DFB7F7-BC52-4C1C-A206-F9DAF10967C1}.Debug|Any CPU.Build.0 = Debug|Any CPU
		{87DFB7F7-BC52-4C1C-A206-F9DAF10967C1}.Release|Any CPU.ActiveCfg = Release|Any CPU
		{87DFB7F7-BC52-4C1C-A206-F9DAF10967C1}.Release|Any CPU.Build.0 = Release|Any CPU
	EndGlobalSection
	GlobalSection(SolutionProperties) = preSolution
		HideSolutionNode = FALSE
	EndGlobalSection
	GlobalSection(ExtensibilityGlobals) = postSolution
		SolutionGuid = {CCBDCB2B-2D6E-4236-B635-7302B293F3B2}
	EndGlobalSection
EndGlobal
